
Microsoft Visual Studio Solution File, Format Version 10.00
# Visual C++ Express 2008
Project("{8BC9CEB8-8B4A-11D0-8D11-00A0C91BC942}") = "external_andor", "external\andor\vc90\external_andor.vcproj", "{37B665F3-8846-4702-9A95-450112EF4268}"
EndProject
Project("{8BC9CEB8-8B4A-11D0-8D11-00A0C91BC942}") = "external_cfitsio", "external\cfitsio\vc90\external_cfitsio.vcproj", "{55983A0B-C057-416C-9AB2-C8B9D01D7D2C}"
EndProject
Project("{8BC9CEB8-8B4A-11D0-8D11-00A0C91BC942}") = "external_fitstcl", "external\fitstcl\vc90\external_fitstcl.vcproj", "{2E31F74D-753C-471C-90BB-1C70C6CEED08}"
EndProject
Project("{8BC9CEB8-8B4A-11D0-8D11-00A0C91BC942}") = "external_libdcjpeg", "external\libdcjpeg\vc90\external_libdcjpeg.vcproj", "{4EDB076F-AA8E-4B39-9EE3-E244BB81F0ED}"
EndProject
Project("{8BC9CEB8-8B4A-11D0-8D11-00A0C91BC942}") = "external_libdcraw", "external\libdcraw\vc90\external_libdcraw.vcproj", "{A20EEC71-6B59-4898-B47A-984AEA48DCC7}"
EndProject
Project("{8BC9CEB8-8B4A-11D0-8D11-00A0C91BC942}") = "external_libfli", "external\fli\fli-dist-1.71\libfli\windows\libfli.vcproj", "{C8568204-BDCE-4DA8-B382-E1573A9BDDD6}"
EndProject
Project("{8BC9CEB8-8B4A-11D0-8D11-00A0C91BC942}") = "external_jpeg6b", "external\jpeg6b\vc90\external_jpeg6b.vcproj", "{DD2A2284-F3B3-411A-BB8B-1E8F1AB7D3D1}"
EndProject
Project("{8BC9CEB8-8B4A-11D0-8D11-00A0C91BC942}") = "external_libltdl", "external\libgphoto2\libltdl\vc90\external_libltdl.vcproj", "{01D1C7A3-E153-4AF0-9CC1-EB31C5DCEC84}"
EndProject
Project("{8BC9CEB8-8B4A-11D0-8D11-00A0C91BC942}") = "external_libgphoto2_port", "external\libgphoto2\libgphoto2_port\libgphoto2_port\vc90\external_libgphoto2_port.vcproj", "{D5FFF436-2BFE-4C64-AFC6-36F947EBCB0F}"
	ProjectSection(ProjectDependencies) = postProject
		{01D1C7A3-E153-4AF0-9CC1-EB31C5DCEC84} = {01D1C7A3-E153-4AF0-9CC1-EB31C5DCEC84}
	EndProjectSection
EndProject
Project("{8BC9CEB8-8B4A-11D0-8D11-00A0C91BC942}") = "external_libgphoto2_port_usb", "external\libgphoto2\libgphoto2_port\usb\vc90\external_libgphoto2_port_usb.vcproj", "{F5F88B20-FBC1-4E15-AC05-AB35CE57D92D}"
	ProjectSection(ProjectDependencies) = postProject
		{5EC2C537-87ED-4CA5-9456-637987910281} = {5EC2C537-87ED-4CA5-9456-637987910281}
	EndProjectSection
EndProject
Project("{8BC9CEB8-8B4A-11D0-8D11-00A0C91BC942}") = "external_libgphoto2", "external\libgphoto2\libgphoto2\vc90\external_libgphoto2.vcproj", "{14AAEEAF-5022-42D6-B542-BE34A77F2157}"
	ProjectSection(ProjectDependencies) = postProject
		{D5FFF436-2BFE-4C64-AFC6-36F947EBCB0F} = {D5FFF436-2BFE-4C64-AFC6-36F947EBCB0F}
		{01D1C7A3-E153-4AF0-9CC1-EB31C5DCEC84} = {01D1C7A3-E153-4AF0-9CC1-EB31C5DCEC84}
	EndProjectSection
EndProject
Project("{8BC9CEB8-8B4A-11D0-8D11-00A0C91BC942}") = "external_libgphoto2_canon", "external\libgphoto2\camlibs\canon\vc90\external_libgphoto2_canon.vcproj", "{CE49E584-413E-4008-9F99-F393E4ADF0FC}"
	ProjectSection(ProjectDependencies) = postProject
		{D5FFF436-2BFE-4C64-AFC6-36F947EBCB0F} = {D5FFF436-2BFE-4C64-AFC6-36F947EBCB0F}
		{14AAEEAF-5022-42D6-B542-BE34A77F2157} = {14AAEEAF-5022-42D6-B542-BE34A77F2157}
	EndProjectSection
EndProject
Project("{8BC9CEB8-8B4A-11D0-8D11-00A0C91BC942}") = "external_libthread", "external\libthread\vc90\external_libthread.vcproj", "{F5AD72B2-A469-484C-92F1-6D0C4555991B}"
	ProjectSection(ProjectDependencies) = postProject
		{C40A605B-E0B8-4D8F-9C08-23825CD5C6A4} = {C40A605B-E0B8-4D8F-9C08-23825CD5C6A4}
	EndProjectSection
EndProject
Project("{8BC9CEB8-8B4A-11D0-8D11-00A0C91BC942}") = "external_pthread", "external\pthread\vc90\external_pthread.vcproj", "{2402B30E-01AD-4F43-B42F-55C9D699880A}"
EndProject
Project("{8BC9CEB8-8B4A-11D0-8D11-00A0C91BC942}") = "external_blt", "external\blt\vc90\external_blt.vcproj", "{DA52EB2C-7258-47F6-87B5-DC137052C482}"
EndProject
Project("{8BC9CEB8-8B4A-11D0-8D11-00A0C91BC942}") = "external_sextractor", "external\sextractor\vc90\external_sextractor.vcproj", "{7F8080A4-14CF-4782-B2A0-74A6134C9765}"
EndProject
Project("{8BC9CEB8-8B4A-11D0-8D11-00A0C91BC942}") = "libbm", "contrib\libbm\vc90\libbm.vcproj", "{DBC0BCE5-F872-489F-9960-75877EC9480B}"
EndProject
Project("{8BC9CEB8-8B4A-11D0-8D11-00A0C91BC942}") = "libgs", "contrib\libgs\vc90\libgs.vcproj", "{47D42357-954B-4154-9BAC-A56283376190}"
EndProject
Project("{8BC9CEB8-8B4A-11D0-8D11-00A0C91BC942}") = "audela", "audela\audela\vc90\audela.vcproj", "{6720105D-15BE-4F5F-BA54-F0C07CCD87C7}"
EndProject
Project("{8BC9CEB8-8B4A-11D0-8D11-00A0C91BC942}") = "libak", "audela\libak\vc90\libak.vcproj", "{0008C81E-6E61-4B1F-AF48-3C7BE9B2E3E0}"
EndProject
Project("{8BC9CEB8-8B4A-11D0-8D11-00A0C91BC942}") = "libandor", "libcam\libandor\vc90\libandor.vcproj", "{7C295F52-1D04-410A-90B7-2B1719EA137F}"
EndProject
Project("{8BC9CEB8-8B4A-11D0-8D11-00A0C91BC942}") = "libascom", "libtel\libascom\vc90\libascom.vcproj", "{BAE70257-5A0A-4F85-8E9A-FE77B0891E32}"
EndProject
Project("{8BC9CEB8-8B4A-11D0-8D11-00A0C91BC942}") = "libaudecom", "libtel\libaudecom\vc90\libaudecom.vcproj", "{6C4EF2B7-764F-4354-A488-B4E7CEB6AAE5}"
EndProject
Project("{8BC9CEB8-8B4A-11D0-8D11-00A0C91BC942}") = "libaudela", "audela\libaudela\vc90\libaudela.vcproj", "{D6F6BC9E-2D1D-4669-8ACB-D68943C443F7}"
EndProject
Project("{8BC9CEB8-8B4A-11D0-8D11-00A0C91BC942}") = "libaudelatk", "audela\libaudelatk\vc90\libaudelatk.vcproj", "{AA03AFB8-A222-49EE-B29A-6A878542FC35}"
EndProject
Project("{8BC9CEB8-8B4A-11D0-8D11-00A0C91BC942}") = "libaudine", "libcam\libaudine\vc90\libaudine.vcproj", "{A0DDD78C-2E22-4861-8728-6F9734CE9A7A}"
EndProject
Project("{8BC9CEB8-8B4A-11D0-8D11-00A0C91BC942}") = "libaudinet", "libcam\libaudinet\vc90\libaudinet.vcproj", "{A552C407-F4EE-48A5-BFF0-EB41E3E82AA2}"
EndProject
Project("{8BC9CEB8-8B4A-11D0-8D11-00A0C91BC942}") = "libcamth", "libcam\libcamth\vc90\libcamth.vcproj", "{99EC07E7-47F7-4013-B7BC-98D5FAD919AC}"
EndProject
Project("{8BC9CEB8-8B4A-11D0-8D11-00A0C91BC942}") = "libcelestron", "libtel\libcelestron\vc90\libcelestron.vcproj", "{081E2A9F-5FCB-4DE1-B2E4-5E1DC5600CB0}"
EndProject
Project("{8BC9CEB8-8B4A-11D0-8D11-00A0C91BC942}") = "libcemes", "libcam\libcemes\vc90\libcemes.vcproj", "{2235DC57-5803-4639-97C9-2B57D4F52AE0}"
EndProject
Project("{8BC9CEB8-8B4A-11D0-8D11-00A0C91BC942}") = "libcombit", "libtel\libcombit\vc90\libcombit.vcproj", "{ACDDB2F2-53AC-4968-B704-A936A65D65FB}"
EndProject
Project("{8BC9CEB8-8B4A-11D0-8D11-00A0C91BC942}") = "libcookbook", "libcam\libcookbook\vc90\libcookbook.vcproj", "{52A5726F-8CF9-4A5C-A3BA-079EA9585FC3}"
EndProject
Project("{8BC9CEB8-8B4A-11D0-8D11-00A0C91BC942}") = "libdeltatau", "libtel\libdeltatau\vc90\libdeltatau.vcproj", "{20D4CDBF-0AC9-4E01-B029-A3BEF8AA87EA}"
EndProject
Project("{8BC9CEB8-8B4A-11D0-8D11-00A0C91BC942}") = "libdfm", "libtel\libdfm\vc90\libdfm.vcproj", "{88AE71C8-8AF4-42C2-8C30-0E82466E3FE9}"
EndProject
Project("{8BC9CEB8-8B4A-11D0-8D11-00A0C91BC942}") = "libdigicam", "libcam\libdigicam\vc90\libdigicam.vcproj", "{232E59A7-150F-4F97-A97F-86FA0F8F4DED}"
EndProject
Project("{8BC9CEB8-8B4A-11D0-8D11-00A0C91BC942}") = "libeqmod", "libtel\libeqmod\vc90\libeqmod.vcproj", "{6C864117-7BBF-40E4-A0BB-C553642CCCCC}"
EndProject
Project("{8BC9CEB8-8B4A-11D0-8D11-00A0C91BC942}") = "libetel", "libtel\libetel\vc90\libetel.vcproj", "{5FBEE134-6B6E-42B6-A218-2F141C0B4BC7}"
EndProject
Project("{8BC9CEB8-8B4A-11D0-8D11-00A0C91BC942}") = "libethernaude", "libcam\libethernaude\vc90\libethernaude.vcproj", "{408CA31C-323F-4A21-9C4B-F48F6A1F0F2A}"
EndProject
Project("{8BC9CEB8-8B4A-11D0-8D11-00A0C91BC942}") = "libfingerlakes", "libcam\libfingerlakes\vc90\libfingerlakes.vcproj", "{078E9EB4-66CC-4A75-8CF2-C480F6344BB5}"
EndProject
Project("{8BC9CEB8-8B4A-11D0-8D11-00A0C91BC942}") = "libgsltcl", "audela\libgsltcl\vc90\libgsltcl.vcproj", "{6823CAB0-CEC0-4C46-8DBA-06890D8907FD}"
EndProject
Project("{8BC9CEB8-8B4A-11D0-8D11-00A0C91BC942}") = "libgzip", "audela\libgzip\vc90\libgzip.vcproj", "{F4470C32-B608-42B2-B54E-38669A30897E}"
EndProject
Project("{8BC9CEB8-8B4A-11D0-8D11-00A0C91BC942}") = "libhisis", "libcam\libhisis\vc90\libhisis.vcproj", "{0CA1FD6A-D90D-4A52-BFE0-F9A6C8898011}"
EndProject
Project("{8BC9CEB8-8B4A-11D0-8D11-00A0C91BC942}") = "libjm", "audela\libjm\vc90\libjm.vcproj", "{FC493C8F-87CF-47B6-9ABE-0F6499B298D6}"
EndProject
Project("{8BC9CEB8-8B4A-11D0-8D11-00A0C91BC942}") = "libk2", "libcam\libk2\vc90\libk2.vcproj", "{88EBB914-00B6-45AD-9874-D50014FCE5CC}"
EndProject
Project("{8BC9CEB8-8B4A-11D0-8D11-00A0C91BC942}") = "liblx200", "libtel\liblx200\vc90\liblx200.vcproj", "{917C0C69-9B66-4445-892B-FEE01981D564}"
EndProject
Project("{8BC9CEB8-8B4A-11D0-8D11-00A0C91BC942}") = "liblxnet", "libtel\liblxnet\vc90\liblxnet.vcproj", "{8D940A23-BC2D-48EC-A84B-F93BACEA23F4}"
EndProject
Project("{8BC9CEB8-8B4A-11D0-8D11-00A0C91BC942}") = "libmc", "audela\libmc\vc90\libmc.vcproj", "{C6F5EF23-847C-4665-83FF-5F607DA7D97D}"
EndProject
Project("{8BC9CEB8-8B4A-11D0-8D11-00A0C91BC942}") = "libml", "audela\libml\vc90\libml.vcproj", "{66EC6547-58B5-4C02-A94F-15CDE88BD633}"
EndProject
Project("{8BC9CEB8-8B4A-11D0-8D11-00A0C91BC942}") = "libouranos", "libtel\libouranos\vc90\libouranos.vcproj", "{05F7BD41-632A-471E-9604-824DC9FAF76C}"
EndProject
Project("{8BC9CEB8-8B4A-11D0-8D11-00A0C91BC942}") = "libparallel", "liblink\libparallelport\vc90\libparallelport.vcproj", "{73932E21-E9E5-4FCF-A38C-64A9A00D3D7D}"
EndProject
Project("{8BC9CEB8-8B4A-11D0-8D11-00A0C91BC942}") = "libserial", "liblink\libserialport\vc90\libserialport.vcproj", "{CB14A600-5467-4F6F-87B2-60401854AAF8}"
EndProject
Project("{8BC9CEB8-8B4A-11D0-8D11-00A0C91BC942}") = "libquicka", "libcam\libquicka\vc90\libquicka.vcproj", "{B29D51DF-AC3A-4F4A-BC19-32F6C6C01642}"
EndProject
Project("{8BC9CEB8-8B4A-11D0-8D11-00A0C91BC942}") = "libquickremote", "liblink\libquickremote\vc90\libquickremote.vcproj", "{B575B24B-E29E-4A00-BBA3-2150BB154473}"
EndProject
Project("{8BC9CEB8-8B4A-11D0-8D11-00A0C91BC942}") = "librgb", "audela\librgb\vc90\librgb.vcproj", "{FD34D432-43D4-4994-9E8F-BB257AB94DAF}"
EndProject
Project("{8BC9CEB8-8B4A-11D0-8D11-00A0C91BC942}") = "libros", "audela\libros\vc90\libros.vcproj", "{FC2A79C6-91C6-4BBF-B143-ED6A5A2CA9E1}"
EndProject
Project("{8BC9CEB8-8B4A-11D0-8D11-00A0C91BC942}") = "libsbig", "libcam\libsbig\vc90\libsbig.vcproj", "{F37D24B9-1193-4FFD-AD01-748A0A3F3A47}"
EndProject
Project("{8BC9CEB8-8B4A-11D0-8D11-00A0C91BC942}") = "libstarlight", "libcam\libstarlight\vc90\libstarlight.vcproj", "{EC229C31-5283-4F87-AD5D-D06CFF87D150}"
EndProject
Project("{8BC9CEB8-8B4A-11D0-8D11-00A0C91BC942}") = "libsynonyme", "libcam\libsynonyme\vc90\libsynonyme.vcproj", "{8CD3CA22-CE8C-4E66-8A2F-15DB905E6129}"
EndProject
Project("{8BC9CEB8-8B4A-11D0-8D11-00A0C91BC942}") = "libtt", "audela\libtt\vc90\libtt.vcproj", "{2C8602E5-5B1E-426B-822C-8B1608FC9018}"
EndProject
Project("{8BC9CEB8-8B4A-11D0-8D11-00A0C91BC942}") = "libwebcam", "libcam\libwebcam\vc90\libwebcam.vcproj", "{BA1EE018-527A-488C-A5AE-C6BA2D5FD73C}"
EndProject
Project("{8BC9CEB8-8B4A-11D0-8D11-00A0C91BC942}") = "libyd", "audela\libyd\vc90\libyd.vcproj", "{17B8CB60-61B0-4ECD-92D1-76E92BE530B4}"
EndProject
Project("{8BC9CEB8-8B4A-11D0-8D11-00A0C91BC942}") = "libt193", "libtel\libt193\vc90\libt193.vcproj", "{E71812D0-9F52-4F29-95A0-959993A2E8EF}"
	ProjectSection(ProjectDependencies) = postProject
		{2402B30E-01AD-4F43-B42F-55C9D699880A} = {2402B30E-01AD-4F43-B42F-55C9D699880A}
	EndProjectSection
EndProject
Project("{8BC9CEB8-8B4A-11D0-8D11-00A0C91BC942}") = "temma", "libtel\libtemma\vc90\temma.vcproj", "{F9C26FD5-CD7F-4B1F-8672-E2ECAD3F55E1}"
EndProject
Project("{8BC9CEB8-8B4A-11D0-8D11-00A0C91BC942}") = "external_ascom", "external\ascom\vc90\external_ascom.vcproj", "{581968FB-5133-44E0-B991-2055AAE359CB}"
EndProject
Project("{8BC9CEB8-8B4A-11D0-8D11-00A0C91BC942}") = "external_cemes", "external\cemes\vc90\external_cemes.vcproj", "{8AB5FE3D-8765-4EAC-869D-E24E773B734B}"
EndProject
Project("{8BC9CEB8-8B4A-11D0-8D11-00A0C91BC942}") = "external_deltatau", "external\deltatau\vc90\external_deltatau.vcproj", "{35B48565-2BF1-4021-9A0E-E7CDF91701C1}"
EndProject
Project("{8BC9CEB8-8B4A-11D0-8D11-00A0C91BC942}") = "external_gsl", "external\gsl\vc90\external_gsl.vcproj", "{A9083D05-21C8-4F17-B9AF-73B0057B603A}"
EndProject
Project("{8BC9CEB8-8B4A-11D0-8D11-00A0C91BC942}") = "external_libusb", "external\libusb\vc90\external_libusb.vcproj", "{5EC2C537-87ED-4CA5-9456-637987910281}"
EndProject
Project("{8BC9CEB8-8B4A-11D0-8D11-00A0C91BC942}") = "external_libftd2xx", "external\libftd2xx\vc90\external_libftd2xx.vcproj", "{9D9072EF-1CBD-4337-98C4-850FCDC9EA70}"
EndProject
Project("{8BC9CEB8-8B4A-11D0-8D11-00A0C91BC942}") = "external_nidaqmx", "external\nidaqmx\vc90\external_nidaqmx.vcproj", "{52EDD44E-0846-471C-9B7E-FD55B9CB8707}"
EndProject
Project("{8BC9CEB8-8B4A-11D0-8D11-00A0C91BC942}") = "external_porttalk", "external\porttalk\vc90\external_porttalk.vcproj", "{7C1259F9-BEBA-4943-8C2F-BEF90F0E6E34}"
EndProject
Project("{8BC9CEB8-8B4A-11D0-8D11-00A0C91BC942}") = "external_qsi", "external\qsi\vc90\external_qsi.vcproj", "{AA890CDB-EDFC-46BC-A569-FD6883578D2F}"
EndProject
Project("{8BC9CEB8-8B4A-11D0-8D11-00A0C91BC942}") = "external_sbig", "external\sbig\vc90\external_sbig.vcproj", "{639D4CE0-462B-481E-8B84-44C96384EB00}"
EndProject
Project("{8BC9CEB8-8B4A-11D0-8D11-00A0C91BC942}") = "external_symmetricon", "external\symmetricom\vc90\external_symmetricon.vcproj", "{EA31B717-A7E3-47EE-AA44-C8D3C4A002C0}"
EndProject
Project("{8BC9CEB8-8B4A-11D0-8D11-00A0C91BC942}") = "external_tcl", "external\tcl\vc90\external_tcl.vcproj", "{C40A605B-E0B8-4D8F-9C08-23825CD5C6A4}"
EndProject
Project("{8BC9CEB8-8B4A-11D0-8D11-00A0C91BC942}") = "external_utils", "external\utils\vc90\external_utils.vcproj", "{3D689D01-F9A6-4268-82B6-829C1FE7B8CF}"
EndProject
Project("{8BC9CEB8-8B4A-11D0-8D11-00A0C91BC942}") = "external_velleman", "external\velleman\vc90\external_velleman.vcproj", "{9EFC202D-B59C-4132-9C13-3789689722DC}"
EndProject
Project("{8BC9CEB8-8B4A-11D0-8D11-00A0C91BC942}") = "external_libvantage", "external\libvantage\vc90\external_libvantage.vcproj", "{4734BFE3-EBE4-4FAB-B810-ECBF54769212}"
EndProject
Project("{8BC9CEB8-8B4A-11D0-8D11-00A0C91BC942}") = "libascomcam", "libcam\libascomcam\vc90\libascomcam.vcproj", "{66ADD21C-621A-499C-BF64-93D2729A2A5F}"
EndProject
Project("{8BC9CEB8-8B4A-11D0-8D11-00A0C91BC942}") = "libqsi", "libcam\libqsi\vc90\libqsi.vcproj", "{76478489-9E93-46FC-A31C-633B59030C00}"
	ProjectSection(ProjectDependencies) = postProject
		{AA890CDB-EDFC-46BC-A569-FD6883578D2F} = {AA890CDB-EDFC-46BC-A569-FD6883578D2F}
	EndProjectSection
EndProject
Global
	GlobalSection(SolutionConfigurationPlatforms) = preSolution
		Debug|Win32 = Debug|Win32
		Release|Win32 = Release|Win32
	EndGlobalSection
	GlobalSection(ProjectConfigurationPlatforms) = postSolution
		{37B665F3-8846-4702-9A95-450112EF4268}.Debug|Win32.ActiveCfg = Debug|Win32
		{37B665F3-8846-4702-9A95-450112EF4268}.Debug|Win32.Build.0 = Debug|Win32
		{37B665F3-8846-4702-9A95-450112EF4268}.Release|Win32.ActiveCfg = Release|Win32
		{37B665F3-8846-4702-9A95-450112EF4268}.Release|Win32.Build.0 = Release|Win32
		{55983A0B-C057-416C-9AB2-C8B9D01D7D2C}.Debug|Win32.ActiveCfg = Debug|Win32
		{55983A0B-C057-416C-9AB2-C8B9D01D7D2C}.Debug|Win32.Build.0 = Debug|Win32
		{55983A0B-C057-416C-9AB2-C8B9D01D7D2C}.Release|Win32.ActiveCfg = Release|Win32
		{55983A0B-C057-416C-9AB2-C8B9D01D7D2C}.Release|Win32.Build.0 = Release|Win32
		{2E31F74D-753C-471C-90BB-1C70C6CEED08}.Debug|Win32.ActiveCfg = Debug|Win32
		{2E31F74D-753C-471C-90BB-1C70C6CEED08}.Debug|Win32.Build.0 = Debug|Win32
		{2E31F74D-753C-471C-90BB-1C70C6CEED08}.Release|Win32.ActiveCfg = Release|Win32
		{2E31F74D-753C-471C-90BB-1C70C6CEED08}.Release|Win32.Build.0 = Release|Win32
		{4EDB076F-AA8E-4B39-9EE3-E244BB81F0ED}.Debug|Win32.ActiveCfg = Debug|Win32
		{4EDB076F-AA8E-4B39-9EE3-E244BB81F0ED}.Debug|Win32.Build.0 = Debug|Win32
		{4EDB076F-AA8E-4B39-9EE3-E244BB81F0ED}.Release|Win32.ActiveCfg = Release|Win32
		{4EDB076F-AA8E-4B39-9EE3-E244BB81F0ED}.Release|Win32.Build.0 = Release|Win32
		{A20EEC71-6B59-4898-B47A-984AEA48DCC7}.Debug|Win32.ActiveCfg = Debug|Win32
		{A20EEC71-6B59-4898-B47A-984AEA48DCC7}.Debug|Win32.Build.0 = Debug|Win32
		{A20EEC71-6B59-4898-B47A-984AEA48DCC7}.Release|Win32.ActiveCfg = Release|Win32
		{A20EEC71-6B59-4898-B47A-984AEA48DCC7}.Release|Win32.Build.0 = Release|Win32
		{C8568204-BDCE-4DA8-B382-E1573A9BDDD6}.Debug|Win32.ActiveCfg = Debug|Win32
		{C8568204-BDCE-4DA8-B382-E1573A9BDDD6}.Debug|Win32.Build.0 = Debug|Win32
		{C8568204-BDCE-4DA8-B382-E1573A9BDDD6}.Release|Win32.ActiveCfg = Release|Win32
		{C8568204-BDCE-4DA8-B382-E1573A9BDDD6}.Release|Win32.Build.0 = Release|Win32
		{DD2A2284-F3B3-411A-BB8B-1E8F1AB7D3D1}.Debug|Win32.ActiveCfg = Debug|Win32
		{DD2A2284-F3B3-411A-BB8B-1E8F1AB7D3D1}.Debug|Win32.Build.0 = Debug|Win32
		{DD2A2284-F3B3-411A-BB8B-1E8F1AB7D3D1}.Release|Win32.ActiveCfg = Release|Win32
		{DD2A2284-F3B3-411A-BB8B-1E8F1AB7D3D1}.Release|Win32.Build.0 = Release|Win32
		{01D1C7A3-E153-4AF0-9CC1-EB31C5DCEC84}.Debug|Win32.ActiveCfg = Debug|Win32
		{01D1C7A3-E153-4AF0-9CC1-EB31C5DCEC84}.Debug|Win32.Build.0 = Debug|Win32
		{01D1C7A3-E153-4AF0-9CC1-EB31C5DCEC84}.Release|Win32.ActiveCfg = Release|Win32
		{01D1C7A3-E153-4AF0-9CC1-EB31C5DCEC84}.Release|Win32.Build.0 = Release|Win32
		{D5FFF436-2BFE-4C64-AFC6-36F947EBCB0F}.Debug|Win32.ActiveCfg = Debug|Win32
		{D5FFF436-2BFE-4C64-AFC6-36F947EBCB0F}.Debug|Win32.Build.0 = Debug|Win32
		{D5FFF436-2BFE-4C64-AFC6-36F947EBCB0F}.Release|Win32.ActiveCfg = Release|Win32
		{D5FFF436-2BFE-4C64-AFC6-36F947EBCB0F}.Release|Win32.Build.0 = Release|Win32
		{F5F88B20-FBC1-4E15-AC05-AB35CE57D92D}.Debug|Win32.ActiveCfg = Debug|Win32
		{F5F88B20-FBC1-4E15-AC05-AB35CE57D92D}.Debug|Win32.Build.0 = Debug|Win32
		{F5F88B20-FBC1-4E15-AC05-AB35CE57D92D}.Release|Win32.ActiveCfg = Release|Win32
		{F5F88B20-FBC1-4E15-AC05-AB35CE57D92D}.Release|Win32.Build.0 = Release|Win32
		{14AAEEAF-5022-42D6-B542-BE34A77F2157}.Debug|Win32.ActiveCfg = Debug|Win32
		{14AAEEAF-5022-42D6-B542-BE34A77F2157}.Debug|Win32.Build.0 = Debug|Win32
		{14AAEEAF-5022-42D6-B542-BE34A77F2157}.Release|Win32.ActiveCfg = Release|Win32
		{14AAEEAF-5022-42D6-B542-BE34A77F2157}.Release|Win32.Build.0 = Release|Win32
		{CE49E584-413E-4008-9F99-F393E4ADF0FC}.Debug|Win32.ActiveCfg = Debug|Win32
		{CE49E584-413E-4008-9F99-F393E4ADF0FC}.Debug|Win32.Build.0 = Debug|Win32
		{CE49E584-413E-4008-9F99-F393E4ADF0FC}.Release|Win32.ActiveCfg = Release|Win32
		{CE49E584-413E-4008-9F99-F393E4ADF0FC}.Release|Win32.Build.0 = Release|Win32
		{F5AD72B2-A469-484C-92F1-6D0C4555991B}.Debug|Win32.ActiveCfg = Debug|Win32
		{F5AD72B2-A469-484C-92F1-6D0C4555991B}.Debug|Win32.Build.0 = Debug|Win32
		{F5AD72B2-A469-484C-92F1-6D0C4555991B}.Release|Win32.ActiveCfg = Release|Win32
		{F5AD72B2-A469-484C-92F1-6D0C4555991B}.Release|Win32.Build.0 = Release|Win32
		{2402B30E-01AD-4F43-B42F-55C9D699880A}.Debug|Win32.ActiveCfg = Debug|Win32
		{2402B30E-01AD-4F43-B42F-55C9D699880A}.Debug|Win32.Build.0 = Debug|Win32
		{2402B30E-01AD-4F43-B42F-55C9D699880A}.Release|Win32.ActiveCfg = Release|Win32
		{2402B30E-01AD-4F43-B42F-55C9D699880A}.Release|Win32.Build.0 = Release|Win32
		{DA52EB2C-7258-47F6-87B5-DC137052C482}.Debug|Win32.ActiveCfg = Debug|Win32
		{DA52EB2C-7258-47F6-87B5-DC137052C482}.Debug|Win32.Build.0 = Debug|Win32
		{DA52EB2C-7258-47F6-87B5-DC137052C482}.Release|Win32.ActiveCfg = Release|Win32
		{DA52EB2C-7258-47F6-87B5-DC137052C482}.Release|Win32.Build.0 = Release|Win32
		{7F8080A4-14CF-4782-B2A0-74A6134C9765}.Debug|Win32.ActiveCfg = Debug|Win32
		{7F8080A4-14CF-4782-B2A0-74A6134C9765}.Debug|Win32.Build.0 = Debug|Win32
		{7F8080A4-14CF-4782-B2A0-74A6134C9765}.Release|Win32.ActiveCfg = Release|Win32
		{7F8080A4-14CF-4782-B2A0-74A6134C9765}.Release|Win32.Build.0 = Release|Win32
		{DBC0BCE5-F872-489F-9960-75877EC9480B}.Debug|Win32.ActiveCfg = Debug|Win32
		{DBC0BCE5-F872-489F-9960-75877EC9480B}.Debug|Win32.Build.0 = Debug|Win32
		{DBC0BCE5-F872-489F-9960-75877EC9480B}.Release|Win32.ActiveCfg = Release|Win32
		{DBC0BCE5-F872-489F-9960-75877EC9480B}.Release|Win32.Build.0 = Release|Win32
		{47D42357-954B-4154-9BAC-A56283376190}.Debug|Win32.ActiveCfg = Debug|Win32
		{47D42357-954B-4154-9BAC-A56283376190}.Debug|Win32.Build.0 = Debug|Win32
		{47D42357-954B-4154-9BAC-A56283376190}.Release|Win32.ActiveCfg = Release|Win32
		{47D42357-954B-4154-9BAC-A56283376190}.Release|Win32.Build.0 = Release|Win32
		{6720105D-15BE-4F5F-BA54-F0C07CCD87C7}.Debug|Win32.ActiveCfg = Debug|Win32
		{6720105D-15BE-4F5F-BA54-F0C07CCD87C7}.Debug|Win32.Build.0 = Debug|Win32
		{6720105D-15BE-4F5F-BA54-F0C07CCD87C7}.Release|Win32.ActiveCfg = Release|Win32
		{6720105D-15BE-4F5F-BA54-F0C07CCD87C7}.Release|Win32.Build.0 = Release|Win32
		{0008C81E-6E61-4B1F-AF48-3C7BE9B2E3E0}.Debug|Win32.ActiveCfg = Debug|Win32
		{0008C81E-6E61-4B1F-AF48-3C7BE9B2E3E0}.Debug|Win32.Build.0 = Debug|Win32
		{0008C81E-6E61-4B1F-AF48-3C7BE9B2E3E0}.Release|Win32.ActiveCfg = Release|Win32
		{0008C81E-6E61-4B1F-AF48-3C7BE9B2E3E0}.Release|Win32.Build.0 = Release|Win32
		{7C295F52-1D04-410A-90B7-2B1719EA137F}.Debug|Win32.ActiveCfg = Debug|Win32
		{7C295F52-1D04-410A-90B7-2B1719EA137F}.Debug|Win32.Build.0 = Debug|Win32
		{7C295F52-1D04-410A-90B7-2B1719EA137F}.Release|Win32.ActiveCfg = Release|Win32
		{7C295F52-1D04-410A-90B7-2B1719EA137F}.Release|Win32.Build.0 = Release|Win32
		{BAE70257-5A0A-4F85-8E9A-FE77B0891E32}.Debug|Win32.ActiveCfg = Debug|Win32
		{BAE70257-5A0A-4F85-8E9A-FE77B0891E32}.Debug|Win32.Build.0 = Debug|Win32
		{BAE70257-5A0A-4F85-8E9A-FE77B0891E32}.Release|Win32.ActiveCfg = Release|Win32
		{BAE70257-5A0A-4F85-8E9A-FE77B0891E32}.Release|Win32.Build.0 = Release|Win32
		{6C4EF2B7-764F-4354-A488-B4E7CEB6AAE5}.Debug|Win32.ActiveCfg = Debug|Win32
		{6C4EF2B7-764F-4354-A488-B4E7CEB6AAE5}.Debug|Win32.Build.0 = Debug|Win32
		{6C4EF2B7-764F-4354-A488-B4E7CEB6AAE5}.Release|Win32.ActiveCfg = Release|Win32
		{6C4EF2B7-764F-4354-A488-B4E7CEB6AAE5}.Release|Win32.Build.0 = Release|Win32
		{D6F6BC9E-2D1D-4669-8ACB-D68943C443F7}.Debug|Win32.ActiveCfg = Debug|Win32
		{D6F6BC9E-2D1D-4669-8ACB-D68943C443F7}.Debug|Win32.Build.0 = Debug|Win32
		{D6F6BC9E-2D1D-4669-8ACB-D68943C443F7}.Release|Win32.ActiveCfg = Release|Win32
		{D6F6BC9E-2D1D-4669-8ACB-D68943C443F7}.Release|Win32.Build.0 = Release|Win32
		{AA03AFB8-A222-49EE-B29A-6A878542FC35}.Debug|Win32.ActiveCfg = Debug|Win32
		{AA03AFB8-A222-49EE-B29A-6A878542FC35}.Debug|Win32.Build.0 = Debug|Win32
		{AA03AFB8-A222-49EE-B29A-6A878542FC35}.Release|Win32.ActiveCfg = Release|Win32
		{AA03AFB8-A222-49EE-B29A-6A878542FC35}.Release|Win32.Build.0 = Release|Win32
		{A0DDD78C-2E22-4861-8728-6F9734CE9A7A}.Debug|Win32.ActiveCfg = Debug|Win32
		{A0DDD78C-2E22-4861-8728-6F9734CE9A7A}.Debug|Win32.Build.0 = Debug|Win32
		{A0DDD78C-2E22-4861-8728-6F9734CE9A7A}.Release|Win32.ActiveCfg = Release|Win32
		{A0DDD78C-2E22-4861-8728-6F9734CE9A7A}.Release|Win32.Build.0 = Release|Win32
		{A552C407-F4EE-48A5-BFF0-EB41E3E82AA2}.Debug|Win32.ActiveCfg = Debug|Win32
		{A552C407-F4EE-48A5-BFF0-EB41E3E82AA2}.Debug|Win32.Build.0 = Debug|Win32
		{A552C407-F4EE-48A5-BFF0-EB41E3E82AA2}.Release|Win32.ActiveCfg = Release|Win32
		{A552C407-F4EE-48A5-BFF0-EB41E3E82AA2}.Release|Win32.Build.0 = Release|Win32
		{99EC07E7-47F7-4013-B7BC-98D5FAD919AC}.Debug|Win32.ActiveCfg = Debug|Win32
		{99EC07E7-47F7-4013-B7BC-98D5FAD919AC}.Debug|Win32.Build.0 = Debug|Win32
		{99EC07E7-47F7-4013-B7BC-98D5FAD919AC}.Release|Win32.ActiveCfg = Release|Win32
		{99EC07E7-47F7-4013-B7BC-98D5FAD919AC}.Release|Win32.Build.0 = Release|Win32
		{081E2A9F-5FCB-4DE1-B2E4-5E1DC5600CB0}.Debug|Win32.ActiveCfg = Debug|Win32
		{081E2A9F-5FCB-4DE1-B2E4-5E1DC5600CB0}.Debug|Win32.Build.0 = Debug|Win32
		{081E2A9F-5FCB-4DE1-B2E4-5E1DC5600CB0}.Release|Win32.ActiveCfg = Release|Win32
		{081E2A9F-5FCB-4DE1-B2E4-5E1DC5600CB0}.Release|Win32.Build.0 = Release|Win32
		{2235DC57-5803-4639-97C9-2B57D4F52AE0}.Debug|Win32.ActiveCfg = Debug|Win32
		{2235DC57-5803-4639-97C9-2B57D4F52AE0}.Debug|Win32.Build.0 = Debug|Win32
		{2235DC57-5803-4639-97C9-2B57D4F52AE0}.Release|Win32.ActiveCfg = Release|Win32
		{2235DC57-5803-4639-97C9-2B57D4F52AE0}.Release|Win32.Build.0 = Release|Win32
		{ACDDB2F2-53AC-4968-B704-A936A65D65FB}.Debug|Win32.ActiveCfg = Debug|Win32
		{ACDDB2F2-53AC-4968-B704-A936A65D65FB}.Debug|Win32.Build.0 = Debug|Win32
		{ACDDB2F2-53AC-4968-B704-A936A65D65FB}.Release|Win32.ActiveCfg = Release|Win32
		{ACDDB2F2-53AC-4968-B704-A936A65D65FB}.Release|Win32.Build.0 = Release|Win32
		{52A5726F-8CF9-4A5C-A3BA-079EA9585FC3}.Debug|Win32.ActiveCfg = Debug|Win32
		{52A5726F-8CF9-4A5C-A3BA-079EA9585FC3}.Debug|Win32.Build.0 = Debug|Win32
		{52A5726F-8CF9-4A5C-A3BA-079EA9585FC3}.Release|Win32.ActiveCfg = Release|Win32
		{52A5726F-8CF9-4A5C-A3BA-079EA9585FC3}.Release|Win32.Build.0 = Release|Win32
		{20D4CDBF-0AC9-4E01-B029-A3BEF8AA87EA}.Debug|Win32.ActiveCfg = Debug|Win32
		{20D4CDBF-0AC9-4E01-B029-A3BEF8AA87EA}.Debug|Win32.Build.0 = Debug|Win32
		{20D4CDBF-0AC9-4E01-B029-A3BEF8AA87EA}.Release|Win32.ActiveCfg = Release|Win32
		{20D4CDBF-0AC9-4E01-B029-A3BEF8AA87EA}.Release|Win32.Build.0 = Release|Win32
		{88AE71C8-8AF4-42C2-8C30-0E82466E3FE9}.Debug|Win32.ActiveCfg = Debug|Win32
		{88AE71C8-8AF4-42C2-8C30-0E82466E3FE9}.Debug|Win32.Build.0 = Debug|Win32
		{88AE71C8-8AF4-42C2-8C30-0E82466E3FE9}.Release|Win32.ActiveCfg = Release|Win32
		{88AE71C8-8AF4-42C2-8C30-0E82466E3FE9}.Release|Win32.Build.0 = Release|Win32
		{232E59A7-150F-4F97-A97F-86FA0F8F4DED}.Debug|Win32.ActiveCfg = Debug|Win32
		{232E59A7-150F-4F97-A97F-86FA0F8F4DED}.Debug|Win32.Build.0 = Debug|Win32
		{232E59A7-150F-4F97-A97F-86FA0F8F4DED}.Release|Win32.ActiveCfg = Release|Win32
		{232E59A7-150F-4F97-A97F-86FA0F8F4DED}.Release|Win32.Build.0 = Release|Win32
		{6C864117-7BBF-40E4-A0BB-C553642CCCCC}.Debug|Win32.ActiveCfg = Debug|Win32
		{6C864117-7BBF-40E4-A0BB-C553642CCCCC}.Debug|Win32.Build.0 = Debug|Win32
		{6C864117-7BBF-40E4-A0BB-C553642CCCCC}.Release|Win32.ActiveCfg = Release|Win32
		{6C864117-7BBF-40E4-A0BB-C553642CCCCC}.Release|Win32.Build.0 = Release|Win32
		{5FBEE134-6B6E-42B6-A218-2F141C0B4BC7}.Debug|Win32.ActiveCfg = Debug|Win32
		{5FBEE134-6B6E-42B6-A218-2F141C0B4BC7}.Debug|Win32.Build.0 = Debug|Win32
		{5FBEE134-6B6E-42B6-A218-2F141C0B4BC7}.Release|Win32.ActiveCfg = Release|Win32
		{5FBEE134-6B6E-42B6-A218-2F141C0B4BC7}.Release|Win32.Build.0 = Release|Win32
		{408CA31C-323F-4A21-9C4B-F48F6A1F0F2A}.Debug|Win32.ActiveCfg = Debug|Win32
		{408CA31C-323F-4A21-9C4B-F48F6A1F0F2A}.Debug|Win32.Build.0 = Debug|Win32
		{408CA31C-323F-4A21-9C4B-F48F6A1F0F2A}.Release|Win32.ActiveCfg = Release|Win32
		{408CA31C-323F-4A21-9C4B-F48F6A1F0F2A}.Release|Win32.Build.0 = Release|Win32
		{078E9EB4-66CC-4A75-8CF2-C480F6344BB5}.Debug|Win32.ActiveCfg = Debug|Win32
		{078E9EB4-66CC-4A75-8CF2-C480F6344BB5}.Debug|Win32.Build.0 = Debug|Win32
		{078E9EB4-66CC-4A75-8CF2-C480F6344BB5}.Release|Win32.ActiveCfg = Release|Win32
		{078E9EB4-66CC-4A75-8CF2-C480F6344BB5}.Release|Win32.Build.0 = Release|Win32
		{6823CAB0-CEC0-4C46-8DBA-06890D8907FD}.Debug|Win32.ActiveCfg = Debug|Win32
		{6823CAB0-CEC0-4C46-8DBA-06890D8907FD}.Debug|Win32.Build.0 = Debug|Win32
		{6823CAB0-CEC0-4C46-8DBA-06890D8907FD}.Release|Win32.ActiveCfg = Release|Win32
		{6823CAB0-CEC0-4C46-8DBA-06890D8907FD}.Release|Win32.Build.0 = Release|Win32
		{F4470C32-B608-42B2-B54E-38669A30897E}.Debug|Win32.ActiveCfg = Debug|Win32
		{F4470C32-B608-42B2-B54E-38669A30897E}.Debug|Win32.Build.0 = Debug|Win32
		{F4470C32-B608-42B2-B54E-38669A30897E}.Release|Win32.ActiveCfg = Release|Win32
		{F4470C32-B608-42B2-B54E-38669A30897E}.Release|Win32.Build.0 = Release|Win32
		{0CA1FD6A-D90D-4A52-BFE0-F9A6C8898011}.Debug|Win32.ActiveCfg = Debug|Win32
		{0CA1FD6A-D90D-4A52-BFE0-F9A6C8898011}.Debug|Win32.Build.0 = Debug|Win32
		{0CA1FD6A-D90D-4A52-BFE0-F9A6C8898011}.Release|Win32.ActiveCfg = Release|Win32
		{0CA1FD6A-D90D-4A52-BFE0-F9A6C8898011}.Release|Win32.Build.0 = Release|Win32
		{FC493C8F-87CF-47B6-9ABE-0F6499B298D6}.Debug|Win32.ActiveCfg = Debug|Win32
		{FC493C8F-87CF-47B6-9ABE-0F6499B298D6}.Debug|Win32.Build.0 = Debug|Win32
		{FC493C8F-87CF-47B6-9ABE-0F6499B298D6}.Release|Win32.ActiveCfg = Release|Win32
		{FC493C8F-87CF-47B6-9ABE-0F6499B298D6}.Release|Win32.Build.0 = Release|Win32
		{88EBB914-00B6-45AD-9874-D50014FCE5CC}.Debug|Win32.ActiveCfg = Debug|Win32
		{88EBB914-00B6-45AD-9874-D50014FCE5CC}.Debug|Win32.Build.0 = Debug|Win32
		{88EBB914-00B6-45AD-9874-D50014FCE5CC}.Release|Win32.ActiveCfg = Release|Win32
		{88EBB914-00B6-45AD-9874-D50014FCE5CC}.Release|Win32.Build.0 = Release|Win32
		{917C0C69-9B66-4445-892B-FEE01981D564}.Debug|Win32.ActiveCfg = Debug|Win32
		{917C0C69-9B66-4445-892B-FEE01981D564}.Debug|Win32.Build.0 = Debug|Win32
		{917C0C69-9B66-4445-892B-FEE01981D564}.Release|Win32.ActiveCfg = Release|Win32
		{917C0C69-9B66-4445-892B-FEE01981D564}.Release|Win32.Build.0 = Release|Win32
		{8D940A23-BC2D-48EC-A84B-F93BACEA23F4}.Debug|Win32.ActiveCfg = Debug|Win32
		{8D940A23-BC2D-48EC-A84B-F93BACEA23F4}.Debug|Win32.Build.0 = Debug|Win32
		{8D940A23-BC2D-48EC-A84B-F93BACEA23F4}.Release|Win32.ActiveCfg = Release|Win32
		{8D940A23-BC2D-48EC-A84B-F93BACEA23F4}.Release|Win32.Build.0 = Release|Win32
		{C6F5EF23-847C-4665-83FF-5F607DA7D97D}.Debug|Win32.ActiveCfg = Debug|Win32
		{C6F5EF23-847C-4665-83FF-5F607DA7D97D}.Debug|Win32.Build.0 = Debug|Win32
		{C6F5EF23-847C-4665-83FF-5F607DA7D97D}.Release|Win32.ActiveCfg = Release|Win32
		{C6F5EF23-847C-4665-83FF-5F607DA7D97D}.Release|Win32.Build.0 = Release|Win32
		{66EC6547-58B5-4C02-A94F-15CDE88BD633}.Debug|Win32.ActiveCfg = Debug|Win32
		{66EC6547-58B5-4C02-A94F-15CDE88BD633}.Debug|Win32.Build.0 = Debug|Win32
		{66EC6547-58B5-4C02-A94F-15CDE88BD633}.Release|Win32.ActiveCfg = Release|Win32
		{66EC6547-58B5-4C02-A94F-15CDE88BD633}.Release|Win32.Build.0 = Release|Win32
		{05F7BD41-632A-471E-9604-824DC9FAF76C}.Debug|Win32.ActiveCfg = Debug|Win32
		{05F7BD41-632A-471E-9604-824DC9FAF76C}.Debug|Win32.Build.0 = Debug|Win32
		{05F7BD41-632A-471E-9604-824DC9FAF76C}.Release|Win32.ActiveCfg = Release|Win32
		{05F7BD41-632A-471E-9604-824DC9FAF76C}.Release|Win32.Build.0 = Release|Win32
		{73932E21-E9E5-4FCF-A38C-64A9A00D3D7D}.Debug|Win32.ActiveCfg = Debug|Win32
		{73932E21-E9E5-4FCF-A38C-64A9A00D3D7D}.Debug|Win32.Build.0 = Debug|Win32
		{73932E21-E9E5-4FCF-A38C-64A9A00D3D7D}.Release|Win32.ActiveCfg = Release|Win32
		{73932E21-E9E5-4FCF-A38C-64A9A00D3D7D}.Release|Win32.Build.0 = Release|Win32
		{CB14A600-5467-4F6F-87B2-60401854AAF8}.Debug|Win32.ActiveCfg = Debug|Win32
		{CB14A600-5467-4F6F-87B2-60401854AAF8}.Debug|Win32.Build.0 = Debug|Win32
		{CB14A600-5467-4F6F-87B2-60401854AAF8}.Release|Win32.ActiveCfg = Release|Win32
		{CB14A600-5467-4F6F-87B2-60401854AAF8}.Release|Win32.Build.0 = Release|Win32
		{B29D51DF-AC3A-4F4A-BC19-32F6C6C01642}.Debug|Win32.ActiveCfg = Debug|Win32
		{B29D51DF-AC3A-4F4A-BC19-32F6C6C01642}.Debug|Win32.Build.0 = Debug|Win32
		{B29D51DF-AC3A-4F4A-BC19-32F6C6C01642}.Release|Win32.ActiveCfg = Release|Win32
		{B29D51DF-AC3A-4F4A-BC19-32F6C6C01642}.Release|Win32.Build.0 = Release|Win32
		{B575B24B-E29E-4A00-BBA3-2150BB154473}.Debug|Win32.ActiveCfg = Debug|Win32
		{B575B24B-E29E-4A00-BBA3-2150BB154473}.Debug|Win32.Build.0 = Debug|Win32
		{B575B24B-E29E-4A00-BBA3-2150BB154473}.Release|Win32.ActiveCfg = Release|Win32
		{B575B24B-E29E-4A00-BBA3-2150BB154473}.Release|Win32.Build.0 = Release|Win32
		{FD34D432-43D4-4994-9E8F-BB257AB94DAF}.Debug|Win32.ActiveCfg = Debug|Win32
		{FD34D432-43D4-4994-9E8F-BB257AB94DAF}.Debug|Win32.Build.0 = Debug|Win32
		{FD34D432-43D4-4994-9E8F-BB257AB94DAF}.Release|Win32.ActiveCfg = Release|Win32
		{FD34D432-43D4-4994-9E8F-BB257AB94DAF}.Release|Win32.Build.0 = Release|Win32
		{FC2A79C6-91C6-4BBF-B143-ED6A5A2CA9E1}.Debug|Win32.ActiveCfg = Debug|Win32
		{FC2A79C6-91C6-4BBF-B143-ED6A5A2CA9E1}.Debug|Win32.Build.0 = Debug|Win32
		{FC2A79C6-91C6-4BBF-B143-ED6A5A2CA9E1}.Release|Win32.ActiveCfg = Release|Win32
		{FC2A79C6-91C6-4BBF-B143-ED6A5A2CA9E1}.Release|Win32.Build.0 = Release|Win32
		{F37D24B9-1193-4FFD-AD01-748A0A3F3A47}.Debug|Win32.ActiveCfg = Debug|Win32
		{F37D24B9-1193-4FFD-AD01-748A0A3F3A47}.Debug|Win32.Build.0 = Debug|Win32
		{F37D24B9-1193-4FFD-AD01-748A0A3F3A47}.Release|Win32.ActiveCfg = Release|Win32
		{F37D24B9-1193-4FFD-AD01-748A0A3F3A47}.Release|Win32.Build.0 = Release|Win32
		{EC229C31-5283-4F87-AD5D-D06CFF87D150}.Debug|Win32.ActiveCfg = Debug|Win32
		{EC229C31-5283-4F87-AD5D-D06CFF87D150}.Debug|Win32.Build.0 = Debug|Win32
		{EC229C31-5283-4F87-AD5D-D06CFF87D150}.Release|Win32.ActiveCfg = Release|Win32
		{EC229C31-5283-4F87-AD5D-D06CFF87D150}.Release|Win32.Build.0 = Release|Win32
		{8CD3CA22-CE8C-4E66-8A2F-15DB905E6129}.Debug|Win32.ActiveCfg = Debug|Win32
		{8CD3CA22-CE8C-4E66-8A2F-15DB905E6129}.Debug|Win32.Build.0 = Debug|Win32
		{8CD3CA22-CE8C-4E66-8A2F-15DB905E6129}.Release|Win32.ActiveCfg = Release|Win32
		{8CD3CA22-CE8C-4E66-8A2F-15DB905E6129}.Release|Win32.Build.0 = Release|Win32
		{2C8602E5-5B1E-426B-822C-8B1608FC9018}.Debug|Win32.ActiveCfg = Debug|Win32
		{2C8602E5-5B1E-426B-822C-8B1608FC9018}.Debug|Win32.Build.0 = Debug|Win32
		{2C8602E5-5B1E-426B-822C-8B1608FC9018}.Release|Win32.ActiveCfg = Release|Win32
		{2C8602E5-5B1E-426B-822C-8B1608FC9018}.Release|Win32.Build.0 = Release|Win32
		{BA1EE018-527A-488C-A5AE-C6BA2D5FD73C}.Debug|Win32.ActiveCfg = Debug|Win32
		{BA1EE018-527A-488C-A5AE-C6BA2D5FD73C}.Debug|Win32.Build.0 = Debug|Win32
		{BA1EE018-527A-488C-A5AE-C6BA2D5FD73C}.Release|Win32.ActiveCfg = Release|Win32
		{BA1EE018-527A-488C-A5AE-C6BA2D5FD73C}.Release|Win32.Build.0 = Release|Win32
		{17B8CB60-61B0-4ECD-92D1-76E92BE530B4}.Debug|Win32.ActiveCfg = Debug|Win32
		{17B8CB60-61B0-4ECD-92D1-76E92BE530B4}.Debug|Win32.Build.0 = Debug|Win32
		{17B8CB60-61B0-4ECD-92D1-76E92BE530B4}.Release|Win32.ActiveCfg = Release|Win32
		{17B8CB60-61B0-4ECD-92D1-76E92BE530B4}.Release|Win32.Build.0 = Release|Win32
		{E71812D0-9F52-4F29-95A0-959993A2E8EF}.Debug|Win32.ActiveCfg = Debug|Win32
		{E71812D0-9F52-4F29-95A0-959993A2E8EF}.Debug|Win32.Build.0 = Debug|Win32
		{E71812D0-9F52-4F29-95A0-959993A2E8EF}.Release|Win32.ActiveCfg = Release|Win32
		{E71812D0-9F52-4F29-95A0-959993A2E8EF}.Release|Win32.Build.0 = Release|Win32
		{F9C26FD5-CD7F-4B1F-8672-E2ECAD3F55E1}.Debug|Win32.ActiveCfg = Debug|Win32
		{F9C26FD5-CD7F-4B1F-8672-E2ECAD3F55E1}.Debug|Win32.Build.0 = Debug|Win32
		{F9C26FD5-CD7F-4B1F-8672-E2ECAD3F55E1}.Release|Win32.ActiveCfg = Release|Win32
		{F9C26FD5-CD7F-4B1F-8672-E2ECAD3F55E1}.Release|Win32.Build.0 = Release|Win32
		{581968FB-5133-44E0-B991-2055AAE359CB}.Debug|Win32.ActiveCfg = Debug|Win32
		{581968FB-5133-44E0-B991-2055AAE359CB}.Debug|Win32.Build.0 = Debug|Win32
		{581968FB-5133-44E0-B991-2055AAE359CB}.Release|Win32.ActiveCfg = Release|Win32
		{581968FB-5133-44E0-B991-2055AAE359CB}.Release|Win32.Build.0 = Release|Win32
		{8AB5FE3D-8765-4EAC-869D-E24E773B734B}.Debug|Win32.ActiveCfg = Debug|Win32
		{8AB5FE3D-8765-4EAC-869D-E24E773B734B}.Debug|Win32.Build.0 = Debug|Win32
		{8AB5FE3D-8765-4EAC-869D-E24E773B734B}.Release|Win32.ActiveCfg = Release|Win32
		{8AB5FE3D-8765-4EAC-869D-E24E773B734B}.Release|Win32.Build.0 = Release|Win32
		{35B48565-2BF1-4021-9A0E-E7CDF91701C1}.Debug|Win32.ActiveCfg = Debug|Win32
		{35B48565-2BF1-4021-9A0E-E7CDF91701C1}.Debug|Win32.Build.0 = Debug|Win32
		{35B48565-2BF1-4021-9A0E-E7CDF91701C1}.Release|Win32.ActiveCfg = Release|Win32
		{35B48565-2BF1-4021-9A0E-E7CDF91701C1}.Release|Win32.Build.0 = Release|Win32
		{A9083D05-21C8-4F17-B9AF-73B0057B603A}.Debug|Win32.ActiveCfg = Debug|Win32
		{A9083D05-21C8-4F17-B9AF-73B0057B603A}.Debug|Win32.Build.0 = Debug|Win32
		{A9083D05-21C8-4F17-B9AF-73B0057B603A}.Release|Win32.ActiveCfg = Release|Win32
		{A9083D05-21C8-4F17-B9AF-73B0057B603A}.Release|Win32.Build.0 = Release|Win32
		{5EC2C537-87ED-4CA5-9456-637987910281}.Debug|Win32.ActiveCfg = Debug|Win32
		{5EC2C537-87ED-4CA5-9456-637987910281}.Debug|Win32.Build.0 = Debug|Win32
		{5EC2C537-87ED-4CA5-9456-637987910281}.Release|Win32.ActiveCfg = Release|Win32
		{5EC2C537-87ED-4CA5-9456-637987910281}.Release|Win32.Build.0 = Release|Win32
		{9D9072EF-1CBD-4337-98C4-850FCDC9EA70}.Debug|Win32.ActiveCfg = Debug|Win32
		{9D9072EF-1CBD-4337-98C4-850FCDC9EA70}.Debug|Win32.Build.0 = Debug|Win32
		{9D9072EF-1CBD-4337-98C4-850FCDC9EA70}.Release|Win32.ActiveCfg = Release|Win32
		{9D9072EF-1CBD-4337-98C4-850FCDC9EA70}.Release|Win32.Build.0 = Release|Win32
		{52EDD44E-0846-471C-9B7E-FD55B9CB8707}.Debug|Win32.ActiveCfg = Debug|Win32
		{52EDD44E-0846-471C-9B7E-FD55B9CB8707}.Debug|Win32.Build.0 = Debug|Win32
		{52EDD44E-0846-471C-9B7E-FD55B9CB8707}.Release|Win32.ActiveCfg = Release|Win32
		{52EDD44E-0846-471C-9B7E-FD55B9CB8707}.Release|Win32.Build.0 = Release|Win32
		{7C1259F9-BEBA-4943-8C2F-BEF90F0E6E34}.Debug|Win32.ActiveCfg = Debug|Win32
		{7C1259F9-BEBA-4943-8C2F-BEF90F0E6E34}.Debug|Win32.Build.0 = Debug|Win32
		{7C1259F9-BEBA-4943-8C2F-BEF90F0E6E34}.Release|Win32.ActiveCfg = Release|Win32
		{7C1259F9-BEBA-4943-8C2F-BEF90F0E6E34}.Release|Win32.Build.0 = Release|Win32
		{AA890CDB-EDFC-46BC-A569-FD6883578D2F}.Debug|Win32.ActiveCfg = Debug|Win32
		{AA890CDB-EDFC-46BC-A569-FD6883578D2F}.Debug|Win32.Build.0 = Debug|Win32
		{AA890CDB-EDFC-46BC-A569-FD6883578D2F}.Release|Win32.ActiveCfg = Release|Win32
		{AA890CDB-EDFC-46BC-A569-FD6883578D2F}.Release|Win32.Build.0 = Release|Win32
		{639D4CE0-462B-481E-8B84-44C96384EB00}.Debug|Win32.ActiveCfg = Debug|Win32
		{639D4CE0-462B-481E-8B84-44C96384EB00}.Debug|Win32.Build.0 = Debug|Win32
		{639D4CE0-462B-481E-8B84-44C96384EB00}.Release|Win32.ActiveCfg = Release|Win32
		{639D4CE0-462B-481E-8B84-44C96384EB00}.Release|Win32.Build.0 = Release|Win32
		{EA31B717-A7E3-47EE-AA44-C8D3C4A002C0}.Debug|Win32.ActiveCfg = Debug|Win32
		{EA31B717-A7E3-47EE-AA44-C8D3C4A002C0}.Debug|Win32.Build.0 = Debug|Win32
		{EA31B717-A7E3-47EE-AA44-C8D3C4A002C0}.Release|Win32.ActiveCfg = Release|Win32
		{EA31B717-A7E3-47EE-AA44-C8D3C4A002C0}.Release|Win32.Build.0 = Release|Win32
		{C40A605B-E0B8-4D8F-9C08-23825CD5C6A4}.Debug|Win32.ActiveCfg = Debug|Win32
		{C40A605B-E0B8-4D8F-9C08-23825CD5C6A4}.Debug|Win32.Build.0 = Debug|Win32
		{C40A605B-E0B8-4D8F-9C08-23825CD5C6A4}.Release|Win32.ActiveCfg = Release|Win32
		{C40A605B-E0B8-4D8F-9C08-23825CD5C6A4}.Release|Win32.Build.0 = Release|Win32
		{3D689D01-F9A6-4268-82B6-829C1FE7B8CF}.Debug|Win32.ActiveCfg = Debug|Win32
		{3D689D01-F9A6-4268-82B6-829C1FE7B8CF}.Debug|Win32.Build.0 = Debug|Win32
		{3D689D01-F9A6-4268-82B6-829C1FE7B8CF}.Release|Win32.ActiveCfg = Release|Win32
		{3D689D01-F9A6-4268-82B6-829C1FE7B8CF}.Release|Win32.Build.0 = Release|Win32
		{9EFC202D-B59C-4132-9C13-3789689722DC}.Debug|Win32.ActiveCfg = Debug|Win32
		{9EFC202D-B59C-4132-9C13-3789689722DC}.Debug|Win32.Build.0 = Debug|Win32
		{9EFC202D-B59C-4132-9C13-3789689722DC}.Release|Win32.ActiveCfg = Release|Win32
		{9EFC202D-B59C-4132-9C13-3789689722DC}.Release|Win32.Build.0 = Release|Win32
		{4734BFE3-EBE4-4FAB-B810-ECBF54769212}.Debug|Win32.ActiveCfg = Debug|Win32
		{4734BFE3-EBE4-4FAB-B810-ECBF54769212}.Debug|Win32.Build.0 = Debug|Win32
		{4734BFE3-EBE4-4FAB-B810-ECBF54769212}.Release|Win32.ActiveCfg = Release|Win32
		{4734BFE3-EBE4-4FAB-B810-ECBF54769212}.Release|Win32.Build.0 = Release|Win32
		{66ADD21C-621A-499C-BF64-93D2729A2A5F}.Debug|Win32.ActiveCfg = Debug|Win32
		{66ADD21C-621A-499C-BF64-93D2729A2A5F}.Debug|Win32.Build.0 = Debug|Win32
		{66ADD21C-621A-499C-BF64-93D2729A2A5F}.Release|Win32.ActiveCfg = Release|Win32
		{66ADD21C-621A-499C-BF64-93D2729A2A5F}.Release|Win32.Build.0 = Release|Win32
		{76478489-9E93-46FC-A31C-633B59030C00}.Debug|Win32.ActiveCfg = Debug|Win32
		{76478489-9E93-46FC-A31C-633B59030C00}.Debug|Win32.Build.0 = Debug|Win32
		{76478489-9E93-46FC-A31C-633B59030C00}.Release|Win32.ActiveCfg = Release|Win32
		{76478489-9E93-46FC-A31C-633B59030C00}.Release|Win32.Build.0 = Release|Win32
	EndGlobalSection
	GlobalSection(SolutionProperties) = preSolution
		HideSolutionNode = FALSE
	EndGlobalSection
EndGlobal
